
Microsoft Visual Studio Solution File, Format Version 12.00
# Visual Studio Version 17
VisualStudioVersion = 17.4.33205.214
MinimumVisualStudioVersion = 10.0.40219.1
Project("{8BC9CEB8-8B4A-11D0-8D11-00A0C91BC942}") = "FunctionPointer", "FunctionPointer\FunctionPointer.vcxproj", "{5166E8A6-2F56-450B-A0E0-A054863EFDBD}"
EndProject
Global
	GlobalSection(SolutionConfigurationPlatforms) = preSolution
		Debug|x64 = Debug|x64
		Debug|x86 = Debug|x86
		Release|x64 = Release|x64
		Release|x86 = Release|x86
	EndGlobalSection
	GlobalSection(ProjectConfigurationPlatforms) = postSolution
		{5166E8A6-2F56-450B-A0E0-A054863EFDBD}.Debug|x64.ActiveCfg = Debug|x64
		{5166E8A6-2F56-450B-A0E0-A054863EFDBD}.Debug|x64.Build.0 = Debug|x64
		{5166E8A6-2F56-450B-A0E0-A054863EFDBD}.Debug|x86.ActiveCfg = Debug|Win32
		{5166E8A6-2F56-450B-A0E0-A054863EFDBD}.Debug|x86.Build.0 = Debug|Win32
		{5166E8A6-2F56-450B-A0E0-A054863EFDBD}.Release|x64.ActiveCfg = Release|x64
		{5166E8A6-2F56-450B-A0E0-A054863EFDBD}.Release|x64.Build.0 = Release|x64
		{5166E8A6-2F56-450B-A0E0-A054863EFDBD}.Release|x86.ActiveCfg = Release|Win32
		{5166E8A6-2F56-450B-A0E0-A054863EFDBD}.Release|x86.Build.0 = Release|Win32
	EndGlobalSection
	GlobalSection(SolutionProperties) = preSolution
		HideSolutionNode = FALSE
	EndGlobalSection
	GlobalSection(ExtensibilityGlobals) = postSolution
		SolutionGuid = {3750B983-85EC-4BBB-9D78-068F2BE54466}
	EndGlobalSection
EndGlobal
